
Microsoft Visual Studio Solution File, Format Version 12.00
# Visual Studio Version 16
VisualStudioVersion = 16.0.31729.503
MinimumVisualStudioVersion = 10.0.40219.1
Project("{9A19103F-16F7-4668-BE54-9A1E7A4F7556}") = "Universe.Algorithm", "Common\Universe.Algorithm\Universe.Algorithm.csproj", "{96B3CD11-E052-491C-ACBB-9FB17647FC1A}"
EndProject
Project("{9A19103F-16F7-4668-BE54-9A1E7A4F7556}") = "Universe.Helpers", "Common\Universe.Helpers\Universe.Helpers.csproj", "{4C113850-2B5A-4EF8-BB0D-A65F18E9F7B9}"
EndProject
Project("{9A19103F-16F7-4668-BE54-9A1E7A4F7556}") = "Universe.IO", "Common\Universe.IO\Universe.IO.csproj", "{B09072B4-4D17-4610-8F37-AFC56C80DD1D}"
EndProject
Project("{2150E333-8FDC-42A3-9474-1A3956D46DE8}") = "Common", "Common", "{B83E2B1F-B2A0-4FF4-A7D5-65F492CF1C3A}"
EndProject
Project("{2150E333-8FDC-42A3-9474-1A3956D46DE8}") = "~SolutionItems", "~SolutionItems", "{E1CE051B-1C85-4893-A2B2-8F3D3E2DBF90}"
	ProjectSection(SolutionItems) = preProject
		SolutionItems\README-RUS.md = SolutionItems\README-RUS.md
		..\README.md = ..\README.md
		..\Version.txt = ..\Version.txt
	EndProjectSection
EndProject
Project("{9A19103F-16F7-4668-BE54-9A1E7A4F7556}") = "Universe.Types", "Common\Universe.Types\Universe.Types.csproj", "{5EDA2DC7-AD40-46CA-82D5-96C47C3DE4CF}"
EndProject
Project("{9A19103F-16F7-4668-BE54-9A1E7A4F7556}") = "Universe.Windows.Forms.Controls", "Common\Universe.Windows.Forms.Controls\Universe.Windows.Forms.Controls.csproj", "{CD76BCD1-2A7B-4C9E-A464-EB9BBE93ECCF}"
EndProject
Project("{2150E333-8FDC-42A3-9474-1A3956D46DE8}") = "Tools", "Tools", "{FDA0EFA3-9C88-493F-9ADE-4358D7520A71}"
	ProjectSection(SolutionItems) = preProject
		Common.Tools\README.md = Common.Tools\README.md
	EndProjectSection
EndProject
Project("{9A19103F-16F7-4668-BE54-9A1E7A4F7556}") = "Universe.SqlBulkTools", "Common.Tools\Universe.SqlBulkTools\Universe.SqlBulkTools.csproj", "{5DCCFFFF-4E32-453B-9D9C-4B8E5B52E650}"
EndProject
Project("{9A19103F-16F7-4668-BE54-9A1E7A4F7556}") = "Universe.SqlBulkTools.UnitTests", "Common.Tools\Universe.SqlBulkTools.UnitTests\Universe.SqlBulkTools.UnitTests.csproj", "{0F4C1D4F-73B4-4C36-AF03-6604E1862A3F}"
EndProject
Project("{9A19103F-16F7-4668-BE54-9A1E7A4F7556}") = "Universe.CQRS", "Common\Universe.CQRS\Universe.CQRS.csproj", "{22269C20-C70D-4435-9B78-9F8C4B5C2071}"
EndProject
Project("{9A19103F-16F7-4668-BE54-9A1E7A4F7556}") = "Universe.DataAccess", "Common\Universe.DataAccess\Universe.DataAccess.csproj", "{37A9E5AE-7F72-4C9D-81D6-A45CEEC06C7D}"
EndProject
Project("{9A19103F-16F7-4668-BE54-9A1E7A4F7556}") = "Universe.Diagnostic", "Common\Universe.Diagnostic\Universe.Diagnostic.csproj", "{F1C7BC93-094F-432A-B7B4-D16ED16D5D6D}"
EndProject
Project("{2150E333-8FDC-42A3-9474-1A3956D46DE8}") = "Libraries", "Libraries", "{9C9F445B-B306-4560-9392-44A4CF02CB62}"
	ProjectSection(SolutionItems) = preProject
		Libraries\System.Windows.Forms.dll = Libraries\System.Windows.Forms.dll
	EndProjectSection
EndProject
Project("{2150E333-8FDC-42A3-9474-1A3956D46DE8}") = "Tests", "Tests", "{D0B5FBEC-B869-44A2-8062-A11FC75B8499}"
EndProject
Project("{9A19103F-16F7-4668-BE54-9A1E7A4F7556}") = "Universe.Framework.ConsoleApp.Tests", "Tests\Universe.Framework.Console.Tests\Universe.Framework.ConsoleApp.Tests.csproj", "{6CBD18EF-C87F-47D7-84D4-058AD2F6C83F}"
EndProject
Project("{9A19103F-16F7-4668-BE54-9A1E7A4F7556}") = "Universe.Framework.DataAccess.Test", "Tests\Universe.Framework.DataAccess.Test\Universe.Framework.DataAccess.Test.csproj", "{351FF5F7-CC7C-46A3-B1C7-58A4DFB81663}"
EndProject
Project("{9A19103F-16F7-4668-BE54-9A1E7A4F7556}") = "Universe.Framework.ThreadMachine.Tests", "Tests\Universe.Framework.ThreadMachine.Tests\Universe.Framework.ThreadMachine.Tests.csproj", "{1FBFCD84-9045-488E-A46E-F401B96F8777}"
EndProject
Project("{9A19103F-16F7-4668-BE54-9A1E7A4F7556}") = "Universe.REST", "Common\Universe.REST\Universe.REST.csproj", "{335064B1-A7BA-49A0-BFDD-8AB432202B40}"
EndProject
Project("{2150E333-8FDC-42A3-9474-1A3956D46DE8}") = "Math", "Math", "{DCAA9BD7-385F-4191-9D36-A72A84690D27}"
EndProject
Project("{9A19103F-16F7-4668-BE54-9A1E7A4F7556}") = "Universe.NumbesTypes", "Common.Math\Universe.NumbesTypes\Universe.NumbesTypes.csproj", "{F3021233-2B31-479D-B91C-281F0A22FDB5}"
EndProject
Project("{2150E333-8FDC-42A3-9474-1A3956D46DE8}") = "NugetPackages", "NugetPackages", "{BCFCEFCA-6882-4088-9139-3CD2A40E794C}"
	ProjectSection(SolutionItems) = preProject
		NugetPackages\build-packages.ps1 = NugetPackages\build-packages.ps1
		NugetPackages\Universe.Algorithm.nuspec = NugetPackages\Universe.Algorithm.nuspec
		NugetPackages\Universe.CQRS.nuspec = NugetPackages\Universe.CQRS.nuspec
		NugetPackages\Universe.DataAccess.Npg.nuspec = NugetPackages\Universe.DataAccess.Npg.nuspec
		NugetPackages\Universe.DataAccess.nuspec = NugetPackages\Universe.DataAccess.nuspec
		NugetPackages\Universe.Diagnostic.nuspec = NugetPackages\Universe.Diagnostic.nuspec
		NugetPackages\Universe.Helpers.nuspec = NugetPackages\Universe.Helpers.nuspec
		NugetPackages\Universe.IO.nuspec = NugetPackages\Universe.IO.nuspec
		NugetPackages\Universe.REST.nuspec = NugetPackages\Universe.REST.nuspec
		NugetPackages\Universe.Types.nuspec = NugetPackages\Universe.Types.nuspec
		NugetPackages\Universe.Windows.Forms.Controls.nuspec = NugetPackages\Universe.Windows.Forms.Controls.nuspec
	EndProjectSection
EndProject
Project("{9A19103F-16F7-4668-BE54-9A1E7A4F7556}") = "Universe.DataAccess.Npg", "Common\Universe.DataAccess.Npg\Universe.DataAccess.Npg.csproj", "{8CD819A8-6D37-4457-8253-9873D36538A6}"
EndProject
Project("{9A19103F-16F7-4668-BE54-9A1E7A4F7556}") = "Universe.Framework.ConsoleApp.Npg.Tests", "Tests\Universe.Framework.ConsoleApp.Npg.Tests\Universe.Framework.ConsoleApp.Npg.Tests.csproj", "{4F45E0C7-F74F-4B28-83D1-6B418328AF51}"
EndProject
Project("{9A19103F-16F7-4668-BE54-9A1E7A4F7556}") = "Universe.Framework.DataAccess.Npg.Test", "Tests\Universe.Framework.DataAccess.Npg.Test\Universe.Framework.DataAccess.Npg.Test.csproj", "{A575C4CF-3830-46F8-88F6-E9AB5B8DEDCF}"
EndProject
Project("{9A19103F-16F7-4668-BE54-9A1E7A4F7556}") = "Universe.Framework.FilesExplorer.Tests", "Tests\Universe.Framework.FilesExplorer.Tests\Universe.Framework.FilesExplorer.Tests.csproj", "{A57DAEB0-B281-42D4-A777-7B2BC74D5774}"
EndProject
Global
	GlobalSection(SolutionConfigurationPlatforms) = preSolution
		Debug|Any CPU = Debug|Any CPU
		Debug|ARM32 = Debug|ARM32
		Debug|x64 = Debug|x64
		Release|Any CPU = Release|Any CPU
		Release|ARM32 = Release|ARM32
		Release|x64 = Release|x64
	EndGlobalSection
	GlobalSection(ProjectConfigurationPlatforms) = postSolution
		{96B3CD11-E052-491C-ACBB-9FB17647FC1A}.Debug|Any CPU.ActiveCfg = Debug|Any CPU
		{96B3CD11-E052-491C-ACBB-9FB17647FC1A}.Debug|Any CPU.Build.0 = Debug|Any CPU
		{96B3CD11-E052-491C-ACBB-9FB17647FC1A}.Debug|ARM32.ActiveCfg = Debug|ARM32
		{96B3CD11-E052-491C-ACBB-9FB17647FC1A}.Debug|ARM32.Build.0 = Debug|ARM32
		{96B3CD11-E052-491C-ACBB-9FB17647FC1A}.Debug|x64.ActiveCfg = Debug|x64
		{96B3CD11-E052-491C-ACBB-9FB17647FC1A}.Debug|x64.Build.0 = Debug|x64
		{96B3CD11-E052-491C-ACBB-9FB17647FC1A}.Release|Any CPU.ActiveCfg = Release|Any CPU
		{96B3CD11-E052-491C-ACBB-9FB17647FC1A}.Release|Any CPU.Build.0 = Release|Any CPU
		{96B3CD11-E052-491C-ACBB-9FB17647FC1A}.Release|ARM32.ActiveCfg = Release|Any CPU
		{96B3CD11-E052-491C-ACBB-9FB17647FC1A}.Release|ARM32.Build.0 = Release|Any CPU
		{96B3CD11-E052-491C-ACBB-9FB17647FC1A}.Release|x64.ActiveCfg = Release|x64
		{96B3CD11-E052-491C-ACBB-9FB17647FC1A}.Release|x64.Build.0 = Release|x64
		{4C113850-2B5A-4EF8-BB0D-A65F18E9F7B9}.Debug|Any CPU.ActiveCfg = Debug|Any CPU
		{4C113850-2B5A-4EF8-BB0D-A65F18E9F7B9}.Debug|Any CPU.Build.0 = Debug|Any CPU
		{4C113850-2B5A-4EF8-BB0D-A65F18E9F7B9}.Debug|ARM32.ActiveCfg = Debug|ARM32
		{4C113850-2B5A-4EF8-BB0D-A65F18E9F7B9}.Debug|ARM32.Build.0 = Debug|ARM32
		{4C113850-2B5A-4EF8-BB0D-A65F18E9F7B9}.Debug|x64.ActiveCfg = Debug|x64
		{4C113850-2B5A-4EF8-BB0D-A65F18E9F7B9}.Debug|x64.Build.0 = Debug|x64
		{4C113850-2B5A-4EF8-BB0D-A65F18E9F7B9}.Release|Any CPU.ActiveCfg = Release|Any CPU
		{4C113850-2B5A-4EF8-BB0D-A65F18E9F7B9}.Release|Any CPU.Build.0 = Release|Any CPU
		{4C113850-2B5A-4EF8-BB0D-A65F18E9F7B9}.Release|ARM32.ActiveCfg = Release|Any CPU
		{4C113850-2B5A-4EF8-BB0D-A65F18E9F7B9}.Release|ARM32.Build.0 = Release|Any CPU
		{4C113850-2B5A-4EF8-BB0D-A65F18E9F7B9}.Release|x64.ActiveCfg = Release|x64
		{4C113850-2B5A-4EF8-BB0D-A65F18E9F7B9}.Release|x64.Build.0 = Release|x64
		{B09072B4-4D17-4610-8F37-AFC56C80DD1D}.Debug|Any CPU.ActiveCfg = Debug|Any CPU
		{B09072B4-4D17-4610-8F37-AFC56C80DD1D}.Debug|Any CPU.Build.0 = Debug|Any CPU
		{B09072B4-4D17-4610-8F37-AFC56C80DD1D}.Debug|ARM32.ActiveCfg = Debug|ARM32
		{B09072B4-4D17-4610-8F37-AFC56C80DD1D}.Debug|ARM32.Build.0 = Debug|ARM32
		{B09072B4-4D17-4610-8F37-AFC56C80DD1D}.Debug|x64.ActiveCfg = Debug|x64
		{B09072B4-4D17-4610-8F37-AFC56C80DD1D}.Debug|x64.Build.0 = Debug|x64
		{B09072B4-4D17-4610-8F37-AFC56C80DD1D}.Release|Any CPU.ActiveCfg = Release|Any CPU
		{B09072B4-4D17-4610-8F37-AFC56C80DD1D}.Release|Any CPU.Build.0 = Release|Any CPU
		{B09072B4-4D17-4610-8F37-AFC56C80DD1D}.Release|ARM32.ActiveCfg = Release|Any CPU
		{B09072B4-4D17-4610-8F37-AFC56C80DD1D}.Release|ARM32.Build.0 = Release|Any CPU
		{B09072B4-4D17-4610-8F37-AFC56C80DD1D}.Release|x64.ActiveCfg = Release|x64
		{B09072B4-4D17-4610-8F37-AFC56C80DD1D}.Release|x64.Build.0 = Release|x64
		{5EDA2DC7-AD40-46CA-82D5-96C47C3DE4CF}.Debug|Any CPU.ActiveCfg = Debug|Any CPU
		{5EDA2DC7-AD40-46CA-82D5-96C47C3DE4CF}.Debug|Any CPU.Build.0 = Debug|Any CPU
		{5EDA2DC7-AD40-46CA-82D5-96C47C3DE4CF}.Debug|ARM32.ActiveCfg = Debug|ARM32
		{5EDA2DC7-AD40-46CA-82D5-96C47C3DE4CF}.Debug|ARM32.Build.0 = Debug|ARM32
		{5EDA2DC7-AD40-46CA-82D5-96C47C3DE4CF}.Debug|x64.ActiveCfg = Debug|x64
		{5EDA2DC7-AD40-46CA-82D5-96C47C3DE4CF}.Debug|x64.Build.0 = Debug|x64
		{5EDA2DC7-AD40-46CA-82D5-96C47C3DE4CF}.Release|Any CPU.ActiveCfg = Release|Any CPU
		{5EDA2DC7-AD40-46CA-82D5-96C47C3DE4CF}.Release|Any CPU.Build.0 = Release|Any CPU
		{5EDA2DC7-AD40-46CA-82D5-96C47C3DE4CF}.Release|ARM32.ActiveCfg = Release|Any CPU
		{5EDA2DC7-AD40-46CA-82D5-96C47C3DE4CF}.Release|ARM32.Build.0 = Release|Any CPU
		{5EDA2DC7-AD40-46CA-82D5-96C47C3DE4CF}.Release|x64.ActiveCfg = Release|x64
		{5EDA2DC7-AD40-46CA-82D5-96C47C3DE4CF}.Release|x64.Build.0 = Release|x64
		{CD76BCD1-2A7B-4C9E-A464-EB9BBE93ECCF}.Debug|Any CPU.ActiveCfg = Debug|Any CPU
		{CD76BCD1-2A7B-4C9E-A464-EB9BBE93ECCF}.Debug|Any CPU.Build.0 = Debug|Any CPU
		{CD76BCD1-2A7B-4C9E-A464-EB9BBE93ECCF}.Debug|ARM32.ActiveCfg = Debug|ARM32
		{CD76BCD1-2A7B-4C9E-A464-EB9BBE93ECCF}.Debug|ARM32.Build.0 = Debug|ARM32
		{CD76BCD1-2A7B-4C9E-A464-EB9BBE93ECCF}.Debug|x64.ActiveCfg = Debug|x64
		{CD76BCD1-2A7B-4C9E-A464-EB9BBE93ECCF}.Debug|x64.Build.0 = Debug|x64
		{CD76BCD1-2A7B-4C9E-A464-EB9BBE93ECCF}.Release|Any CPU.ActiveCfg = Release|Any CPU
		{CD76BCD1-2A7B-4C9E-A464-EB9BBE93ECCF}.Release|Any CPU.Build.0 = Release|Any CPU
		{CD76BCD1-2A7B-4C9E-A464-EB9BBE93ECCF}.Release|ARM32.ActiveCfg = Release|Any CPU
		{CD76BCD1-2A7B-4C9E-A464-EB9BBE93ECCF}.Release|ARM32.Build.0 = Release|Any CPU
		{CD76BCD1-2A7B-4C9E-A464-EB9BBE93ECCF}.Release|x64.ActiveCfg = Release|x64
		{CD76BCD1-2A7B-4C9E-A464-EB9BBE93ECCF}.Release|x64.Build.0 = Release|x64
		{5DCCFFFF-4E32-453B-9D9C-4B8E5B52E650}.Debug|Any CPU.ActiveCfg = Debug|Any CPU
		{5DCCFFFF-4E32-453B-9D9C-4B8E5B52E650}.Debug|Any CPU.Build.0 = Debug|Any CPU
		{5DCCFFFF-4E32-453B-9D9C-4B8E5B52E650}.Debug|ARM32.ActiveCfg = Debug|ARM32
		{5DCCFFFF-4E32-453B-9D9C-4B8E5B52E650}.Debug|ARM32.Build.0 = Debug|ARM32
		{5DCCFFFF-4E32-453B-9D9C-4B8E5B52E650}.Debug|x64.ActiveCfg = Debug|x64
		{5DCCFFFF-4E32-453B-9D9C-4B8E5B52E650}.Debug|x64.Build.0 = Debug|x64
		{5DCCFFFF-4E32-453B-9D9C-4B8E5B52E650}.Release|Any CPU.ActiveCfg = Release|Any CPU
		{5DCCFFFF-4E32-453B-9D9C-4B8E5B52E650}.Release|Any CPU.Build.0 = Release|Any CPU
		{5DCCFFFF-4E32-453B-9D9C-4B8E5B52E650}.Release|ARM32.ActiveCfg = Release|Any CPU
		{5DCCFFFF-4E32-453B-9D9C-4B8E5B52E650}.Release|ARM32.Build.0 = Release|Any CPU
		{5DCCFFFF-4E32-453B-9D9C-4B8E5B52E650}.Release|x64.ActiveCfg = Release|x64
		{5DCCFFFF-4E32-453B-9D9C-4B8E5B52E650}.Release|x64.Build.0 = Release|x64
		{0F4C1D4F-73B4-4C36-AF03-6604E1862A3F}.Debug|Any CPU.ActiveCfg = Debug|Any CPU
		{0F4C1D4F-73B4-4C36-AF03-6604E1862A3F}.Debug|Any CPU.Build.0 = Debug|Any CPU
		{0F4C1D4F-73B4-4C36-AF03-6604E1862A3F}.Debug|ARM32.ActiveCfg = Debug|ARM32
		{0F4C1D4F-73B4-4C36-AF03-6604E1862A3F}.Debug|ARM32.Build.0 = Debug|ARM32
		{0F4C1D4F-73B4-4C36-AF03-6604E1862A3F}.Debug|x64.ActiveCfg = Debug|x64
		{0F4C1D4F-73B4-4C36-AF03-6604E1862A3F}.Debug|x64.Build.0 = Debug|x64
		{0F4C1D4F-73B4-4C36-AF03-6604E1862A3F}.Release|Any CPU.ActiveCfg = Release|Any CPU
		{0F4C1D4F-73B4-4C36-AF03-6604E1862A3F}.Release|Any CPU.Build.0 = Release|Any CPU
		{0F4C1D4F-73B4-4C36-AF03-6604E1862A3F}.Release|ARM32.ActiveCfg = Release|Any CPU
		{0F4C1D4F-73B4-4C36-AF03-6604E1862A3F}.Release|ARM32.Build.0 = Release|Any CPU
		{0F4C1D4F-73B4-4C36-AF03-6604E1862A3F}.Release|x64.ActiveCfg = Release|x64
		{0F4C1D4F-73B4-4C36-AF03-6604E1862A3F}.Release|x64.Build.0 = Release|x64
		{22269C20-C70D-4435-9B78-9F8C4B5C2071}.Debug|Any CPU.ActiveCfg = Debug|Any CPU
		{22269C20-C70D-4435-9B78-9F8C4B5C2071}.Debug|Any CPU.Build.0 = Debug|Any CPU
		{22269C20-C70D-4435-9B78-9F8C4B5C2071}.Debug|ARM32.ActiveCfg = Debug|ARM32
		{22269C20-C70D-4435-9B78-9F8C4B5C2071}.Debug|ARM32.Build.0 = Debug|ARM32
		{22269C20-C70D-4435-9B78-9F8C4B5C2071}.Debug|x64.ActiveCfg = Debug|x64
		{22269C20-C70D-4435-9B78-9F8C4B5C2071}.Debug|x64.Build.0 = Debug|x64
		{22269C20-C70D-4435-9B78-9F8C4B5C2071}.Release|Any CPU.ActiveCfg = Release|Any CPU
		{22269C20-C70D-4435-9B78-9F8C4B5C2071}.Release|Any CPU.Build.0 = Release|Any CPU
		{22269C20-C70D-4435-9B78-9F8C4B5C2071}.Release|ARM32.ActiveCfg = Release|Any CPU
		{22269C20-C70D-4435-9B78-9F8C4B5C2071}.Release|ARM32.Build.0 = Release|Any CPU
		{22269C20-C70D-4435-9B78-9F8C4B5C2071}.Release|x64.ActiveCfg = Release|x64
		{22269C20-C70D-4435-9B78-9F8C4B5C2071}.Release|x64.Build.0 = Release|x64
		{37A9E5AE-7F72-4C9D-81D6-A45CEEC06C7D}.Debug|Any CPU.ActiveCfg = Debug|Any CPU
		{37A9E5AE-7F72-4C9D-81D6-A45CEEC06C7D}.Debug|Any CPU.Build.0 = Debug|Any CPU
		{37A9E5AE-7F72-4C9D-81D6-A45CEEC06C7D}.Debug|ARM32.ActiveCfg = Debug|ARM32
		{37A9E5AE-7F72-4C9D-81D6-A45CEEC06C7D}.Debug|ARM32.Build.0 = Debug|ARM32
		{37A9E5AE-7F72-4C9D-81D6-A45CEEC06C7D}.Debug|x64.ActiveCfg = Debug|x64
		{37A9E5AE-7F72-4C9D-81D6-A45CEEC06C7D}.Debug|x64.Build.0 = Debug|x64
		{37A9E5AE-7F72-4C9D-81D6-A45CEEC06C7D}.Release|Any CPU.ActiveCfg = Release|Any CPU
		{37A9E5AE-7F72-4C9D-81D6-A45CEEC06C7D}.Release|Any CPU.Build.0 = Release|Any CPU
		{37A9E5AE-7F72-4C9D-81D6-A45CEEC06C7D}.Release|ARM32.ActiveCfg = Release|Any CPU
		{37A9E5AE-7F72-4C9D-81D6-A45CEEC06C7D}.Release|ARM32.Build.0 = Release|Any CPU
		{37A9E5AE-7F72-4C9D-81D6-A45CEEC06C7D}.Release|x64.ActiveCfg = Release|x64
		{37A9E5AE-7F72-4C9D-81D6-A45CEEC06C7D}.Release|x64.Build.0 = Release|x64
		{F1C7BC93-094F-432A-B7B4-D16ED16D5D6D}.Debug|Any CPU.ActiveCfg = Debug|Any CPU
		{F1C7BC93-094F-432A-B7B4-D16ED16D5D6D}.Debug|Any CPU.Build.0 = Debug|Any CPU
		{F1C7BC93-094F-432A-B7B4-D16ED16D5D6D}.Debug|ARM32.ActiveCfg = Debug|ARM32
		{F1C7BC93-094F-432A-B7B4-D16ED16D5D6D}.Debug|ARM32.Build.0 = Debug|ARM32
		{F1C7BC93-094F-432A-B7B4-D16ED16D5D6D}.Debug|x64.ActiveCfg = Debug|x64
		{F1C7BC93-094F-432A-B7B4-D16ED16D5D6D}.Debug|x64.Build.0 = Debug|x64
		{F1C7BC93-094F-432A-B7B4-D16ED16D5D6D}.Release|Any CPU.ActiveCfg = Release|Any CPU
		{F1C7BC93-094F-432A-B7B4-D16ED16D5D6D}.Release|Any CPU.Build.0 = Release|Any CPU
		{F1C7BC93-094F-432A-B7B4-D16ED16D5D6D}.Release|ARM32.ActiveCfg = Release|Any CPU
		{F1C7BC93-094F-432A-B7B4-D16ED16D5D6D}.Release|ARM32.Build.0 = Release|Any CPU
		{F1C7BC93-094F-432A-B7B4-D16ED16D5D6D}.Release|x64.ActiveCfg = Release|x64
		{F1C7BC93-094F-432A-B7B4-D16ED16D5D6D}.Release|x64.Build.0 = Release|x64
		{6CBD18EF-C87F-47D7-84D4-058AD2F6C83F}.Debug|Any CPU.ActiveCfg = Debug|Any CPU
		{6CBD18EF-C87F-47D7-84D4-058AD2F6C83F}.Debug|Any CPU.Build.0 = Debug|Any CPU
		{6CBD18EF-C87F-47D7-84D4-058AD2F6C83F}.Debug|ARM32.ActiveCfg = Debug|ARM32
		{6CBD18EF-C87F-47D7-84D4-058AD2F6C83F}.Debug|ARM32.Build.0 = Debug|ARM32
		{6CBD18EF-C87F-47D7-84D4-058AD2F6C83F}.Debug|x64.ActiveCfg = Debug|x64
		{6CBD18EF-C87F-47D7-84D4-058AD2F6C83F}.Debug|x64.Build.0 = Debug|x64
		{6CBD18EF-C87F-47D7-84D4-058AD2F6C83F}.Release|Any CPU.ActiveCfg = Release|Any CPU
		{6CBD18EF-C87F-47D7-84D4-058AD2F6C83F}.Release|Any CPU.Build.0 = Release|Any CPU
		{6CBD18EF-C87F-47D7-84D4-058AD2F6C83F}.Release|ARM32.ActiveCfg = Release|Any CPU
		{6CBD18EF-C87F-47D7-84D4-058AD2F6C83F}.Release|ARM32.Build.0 = Release|Any CPU
		{6CBD18EF-C87F-47D7-84D4-058AD2F6C83F}.Release|x64.ActiveCfg = Release|x64
		{6CBD18EF-C87F-47D7-84D4-058AD2F6C83F}.Release|x64.Build.0 = Release|x64
		{351FF5F7-CC7C-46A3-B1C7-58A4DFB81663}.Debug|Any CPU.ActiveCfg = Debug|Any CPU
		{351FF5F7-CC7C-46A3-B1C7-58A4DFB81663}.Debug|Any CPU.Build.0 = Debug|Any CPU
		{351FF5F7-CC7C-46A3-B1C7-58A4DFB81663}.Debug|ARM32.ActiveCfg = Debug|ARM32
		{351FF5F7-CC7C-46A3-B1C7-58A4DFB81663}.Debug|ARM32.Build.0 = Debug|ARM32
		{351FF5F7-CC7C-46A3-B1C7-58A4DFB81663}.Debug|x64.ActiveCfg = Debug|x64
		{351FF5F7-CC7C-46A3-B1C7-58A4DFB81663}.Debug|x64.Build.0 = Debug|x64
		{351FF5F7-CC7C-46A3-B1C7-58A4DFB81663}.Release|Any CPU.ActiveCfg = Release|Any CPU
		{351FF5F7-CC7C-46A3-B1C7-58A4DFB81663}.Release|Any CPU.Build.0 = Release|Any CPU
		{351FF5F7-CC7C-46A3-B1C7-58A4DFB81663}.Release|ARM32.ActiveCfg = Release|Any CPU
		{351FF5F7-CC7C-46A3-B1C7-58A4DFB81663}.Release|ARM32.Build.0 = Release|Any CPU
		{351FF5F7-CC7C-46A3-B1C7-58A4DFB81663}.Release|x64.ActiveCfg = Release|x64
		{351FF5F7-CC7C-46A3-B1C7-58A4DFB81663}.Release|x64.Build.0 = Release|x64
		{1FBFCD84-9045-488E-A46E-F401B96F8777}.Debug|Any CPU.ActiveCfg = Debug|Any CPU
		{1FBFCD84-9045-488E-A46E-F401B96F8777}.Debug|Any CPU.Build.0 = Debug|Any CPU
		{1FBFCD84-9045-488E-A46E-F401B96F8777}.Debug|ARM32.ActiveCfg = Debug|ARM32
		{1FBFCD84-9045-488E-A46E-F401B96F8777}.Debug|ARM32.Build.0 = Debug|ARM32
		{1FBFCD84-9045-488E-A46E-F401B96F8777}.Debug|x64.ActiveCfg = Debug|x64
		{1FBFCD84-9045-488E-A46E-F401B96F8777}.Debug|x64.Build.0 = Debug|x64
		{1FBFCD84-9045-488E-A46E-F401B96F8777}.Release|Any CPU.ActiveCfg = Release|Any CPU
		{1FBFCD84-9045-488E-A46E-F401B96F8777}.Release|Any CPU.Build.0 = Release|Any CPU
		{1FBFCD84-9045-488E-A46E-F401B96F8777}.Release|ARM32.ActiveCfg = Release|Any CPU
		{1FBFCD84-9045-488E-A46E-F401B96F8777}.Release|ARM32.Build.0 = Release|Any CPU
		{1FBFCD84-9045-488E-A46E-F401B96F8777}.Release|x64.ActiveCfg = Release|x64
		{1FBFCD84-9045-488E-A46E-F401B96F8777}.Release|x64.Build.0 = Release|x64
		{335064B1-A7BA-49A0-BFDD-8AB432202B40}.Debug|Any CPU.ActiveCfg = Debug|Any CPU
		{335064B1-A7BA-49A0-BFDD-8AB432202B40}.Debug|Any CPU.Build.0 = Debug|Any CPU
		{335064B1-A7BA-49A0-BFDD-8AB432202B40}.Debug|ARM32.ActiveCfg = Debug|ARM32
		{335064B1-A7BA-49A0-BFDD-8AB432202B40}.Debug|ARM32.Build.0 = Debug|ARM32
		{335064B1-A7BA-49A0-BFDD-8AB432202B40}.Debug|x64.ActiveCfg = Debug|x64
		{335064B1-A7BA-49A0-BFDD-8AB432202B40}.Debug|x64.Build.0 = Debug|x64
		{335064B1-A7BA-49A0-BFDD-8AB432202B40}.Release|Any CPU.ActiveCfg = Release|Any CPU
		{335064B1-A7BA-49A0-BFDD-8AB432202B40}.Release|Any CPU.Build.0 = Release|Any CPU
		{335064B1-A7BA-49A0-BFDD-8AB432202B40}.Release|ARM32.ActiveCfg = Release|Any CPU
		{335064B1-A7BA-49A0-BFDD-8AB432202B40}.Release|ARM32.Build.0 = Release|Any CPU
		{335064B1-A7BA-49A0-BFDD-8AB432202B40}.Release|x64.ActiveCfg = Release|x64
		{335064B1-A7BA-49A0-BFDD-8AB432202B40}.Release|x64.Build.0 = Release|x64
		{F3021233-2B31-479D-B91C-281F0A22FDB5}.Debug|Any CPU.ActiveCfg = Debug|Any CPU
		{F3021233-2B31-479D-B91C-281F0A22FDB5}.Debug|Any CPU.Build.0 = Debug|Any CPU
		{F3021233-2B31-479D-B91C-281F0A22FDB5}.Debug|ARM32.ActiveCfg = Debug|ARM32
		{F3021233-2B31-479D-B91C-281F0A22FDB5}.Debug|ARM32.Build.0 = Debug|ARM32
		{F3021233-2B31-479D-B91C-281F0A22FDB5}.Debug|x64.ActiveCfg = Debug|x64
		{F3021233-2B31-479D-B91C-281F0A22FDB5}.Debug|x64.Build.0 = Debug|x64
		{F3021233-2B31-479D-B91C-281F0A22FDB5}.Release|Any CPU.ActiveCfg = Release|Any CPU
		{F3021233-2B31-479D-B91C-281F0A22FDB5}.Release|Any CPU.Build.0 = Release|Any CPU
		{F3021233-2B31-479D-B91C-281F0A22FDB5}.Release|ARM32.ActiveCfg = Release|Any CPU
		{F3021233-2B31-479D-B91C-281F0A22FDB5}.Release|ARM32.Build.0 = Release|Any CPU
		{F3021233-2B31-479D-B91C-281F0A22FDB5}.Release|x64.ActiveCfg = Release|x64
		{F3021233-2B31-479D-B91C-281F0A22FDB5}.Release|x64.Build.0 = Release|x64
		{8CD819A8-6D37-4457-8253-9873D36538A6}.Debug|Any CPU.ActiveCfg = Debug|Any CPU
		{8CD819A8-6D37-4457-8253-9873D36538A6}.Debug|Any CPU.Build.0 = Debug|Any CPU
		{8CD819A8-6D37-4457-8253-9873D36538A6}.Debug|ARM32.ActiveCfg = Debug|ARM32
		{8CD819A8-6D37-4457-8253-9873D36538A6}.Debug|ARM32.Build.0 = Debug|ARM32
		{8CD819A8-6D37-4457-8253-9873D36538A6}.Debug|x64.ActiveCfg = Debug|x64
		{8CD819A8-6D37-4457-8253-9873D36538A6}.Debug|x64.Build.0 = Debug|x64
		{8CD819A8-6D37-4457-8253-9873D36538A6}.Release|Any CPU.ActiveCfg = Release|Any CPU
		{8CD819A8-6D37-4457-8253-9873D36538A6}.Release|Any CPU.Build.0 = Release|Any CPU
		{8CD819A8-6D37-4457-8253-9873D36538A6}.Release|ARM32.ActiveCfg = Release|ARM32
		{8CD819A8-6D37-4457-8253-9873D36538A6}.Release|ARM32.Build.0 = Release|ARM32
		{8CD819A8-6D37-4457-8253-9873D36538A6}.Release|x64.ActiveCfg = Release|Any CPU
		{8CD819A8-6D37-4457-8253-9873D36538A6}.Release|x64.Build.0 = Release|Any CPU
		{4F45E0C7-F74F-4B28-83D1-6B418328AF51}.Debug|Any CPU.ActiveCfg = Debug|Any CPU
		{4F45E0C7-F74F-4B28-83D1-6B418328AF51}.Debug|Any CPU.Build.0 = Debug|Any CPU
		{4F45E0C7-F74F-4B28-83D1-6B418328AF51}.Debug|ARM32.ActiveCfg = Debug|ARM32
		{4F45E0C7-F74F-4B28-83D1-6B418328AF51}.Debug|ARM32.Build.0 = Debug|ARM32
		{4F45E0C7-F74F-4B28-83D1-6B418328AF51}.Debug|x64.ActiveCfg = Debug|x64
		{4F45E0C7-F74F-4B28-83D1-6B418328AF51}.Debug|x64.Build.0 = Debug|x64
		{4F45E0C7-F74F-4B28-83D1-6B418328AF51}.Release|Any CPU.ActiveCfg = Release|Any CPU
		{4F45E0C7-F74F-4B28-83D1-6B418328AF51}.Release|Any CPU.Build.0 = Release|Any CPU
		{4F45E0C7-F74F-4B28-83D1-6B418328AF51}.Release|ARM32.ActiveCfg = Release|Any CPU
		{4F45E0C7-F74F-4B28-83D1-6B418328AF51}.Release|ARM32.Build.0 = Release|Any CPU
		{4F45E0C7-F74F-4B28-83D1-6B418328AF51}.Release|x64.ActiveCfg = Release|Any CPU
		{4F45E0C7-F74F-4B28-83D1-6B418328AF51}.Release|x64.Build.0 = Release|Any CPU
		{A575C4CF-3830-46F8-88F6-E9AB5B8DEDCF}.Debug|Any CPU.ActiveCfg = Debug|Any CPU
		{A575C4CF-3830-46F8-88F6-E9AB5B8DEDCF}.Debug|Any CPU.Build.0 = Debug|Any CPU
		{A575C4CF-3830-46F8-88F6-E9AB5B8DEDCF}.Debug|ARM32.ActiveCfg = Debug|ARM32
		{A575C4CF-3830-46F8-88F6-E9AB5B8DEDCF}.Debug|ARM32.Build.0 = Debug|ARM32
		{A575C4CF-3830-46F8-88F6-E9AB5B8DEDCF}.Debug|x64.ActiveCfg = Debug|x64
		{A575C4CF-3830-46F8-88F6-E9AB5B8DEDCF}.Debug|x64.Build.0 = Debug|x64
		{A575C4CF-3830-46F8-88F6-E9AB5B8DEDCF}.Release|Any CPU.ActiveCfg = Release|Any CPU
		{A575C4CF-3830-46F8-88F6-E9AB5B8DEDCF}.Release|Any CPU.Build.0 = Release|Any CPU
		{A575C4CF-3830-46F8-88F6-E9AB5B8DEDCF}.Release|ARM32.ActiveCfg = Release|Any CPU
		{A575C4CF-3830-46F8-88F6-E9AB5B8DEDCF}.Release|ARM32.Build.0 = Release|Any CPU
		{A575C4CF-3830-46F8-88F6-E9AB5B8DEDCF}.Release|x64.ActiveCfg = Release|Any CPU
		{A575C4CF-3830-46F8-88F6-E9AB5B8DEDCF}.Release|x64.Build.0 = Release|Any CPU
		{A57DAEB0-B281-42D4-A777-7B2BC74D5774}.Debug|Any CPU.ActiveCfg = Debug|Any CPU
		{A57DAEB0-B281-42D4-A777-7B2BC74D5774}.Debug|Any CPU.Build.0 = Debug|Any CPU
		{A57DAEB0-B281-42D4-A777-7B2BC74D5774}.Debug|ARM32.ActiveCfg = Debug|Any CPU
		{A57DAEB0-B281-42D4-A777-7B2BC74D5774}.Debug|ARM32.Build.0 = Debug|Any CPU
		{A57DAEB0-B281-42D4-A777-7B2BC74D5774}.Debug|x64.ActiveCfg = Debug|Any CPU
		{A57DAEB0-B281-42D4-A777-7B2BC74D5774}.Debug|x64.Build.0 = Debug|Any CPU
		{A57DAEB0-B281-42D4-A777-7B2BC74D5774}.Release|Any CPU.ActiveCfg = Release|Any CPU
		{A57DAEB0-B281-42D4-A777-7B2BC74D5774}.Release|Any CPU.Build.0 = Release|Any CPU
		{A57DAEB0-B281-42D4-A777-7B2BC74D5774}.Release|ARM32.ActiveCfg = Release|Any CPU
		{A57DAEB0-B281-42D4-A777-7B2BC74D5774}.Release|ARM32.Build.0 = Release|Any CPU
		{A57DAEB0-B281-42D4-A777-7B2BC74D5774}.Release|x64.ActiveCfg = Release|Any CPU
		{A57DAEB0-B281-42D4-A777-7B2BC74D5774}.Release|x64.Build.0 = Release|Any CPU
	EndGlobalSection
	GlobalSection(SolutionProperties) = preSolution
		HideSolutionNode = FALSE
	EndGlobalSection
	GlobalSection(NestedProjects) = preSolution
		{96B3CD11-E052-491C-ACBB-9FB17647FC1A} = {B83E2B1F-B2A0-4FF4-A7D5-65F492CF1C3A}
		{4C113850-2B5A-4EF8-BB0D-A65F18E9F7B9} = {B83E2B1F-B2A0-4FF4-A7D5-65F492CF1C3A}
		{B09072B4-4D17-4610-8F37-AFC56C80DD1D} = {B83E2B1F-B2A0-4FF4-A7D5-65F492CF1C3A}
		{5EDA2DC7-AD40-46CA-82D5-96C47C3DE4CF} = {B83E2B1F-B2A0-4FF4-A7D5-65F492CF1C3A}
		{CD76BCD1-2A7B-4C9E-A464-EB9BBE93ECCF} = {B83E2B1F-B2A0-4FF4-A7D5-65F492CF1C3A}
		{FDA0EFA3-9C88-493F-9ADE-4358D7520A71} = {B83E2B1F-B2A0-4FF4-A7D5-65F492CF1C3A}
		{5DCCFFFF-4E32-453B-9D9C-4B8E5B52E650} = {FDA0EFA3-9C88-493F-9ADE-4358D7520A71}
		{0F4C1D4F-73B4-4C36-AF03-6604E1862A3F} = {FDA0EFA3-9C88-493F-9ADE-4358D7520A71}
		{22269C20-C70D-4435-9B78-9F8C4B5C2071} = {B83E2B1F-B2A0-4FF4-A7D5-65F492CF1C3A}
		{37A9E5AE-7F72-4C9D-81D6-A45CEEC06C7D} = {B83E2B1F-B2A0-4FF4-A7D5-65F492CF1C3A}
		{F1C7BC93-094F-432A-B7B4-D16ED16D5D6D} = {B83E2B1F-B2A0-4FF4-A7D5-65F492CF1C3A}
		{9C9F445B-B306-4560-9392-44A4CF02CB62} = {E1CE051B-1C85-4893-A2B2-8F3D3E2DBF90}
		{6CBD18EF-C87F-47D7-84D4-058AD2F6C83F} = {D0B5FBEC-B869-44A2-8062-A11FC75B8499}
		{351FF5F7-CC7C-46A3-B1C7-58A4DFB81663} = {D0B5FBEC-B869-44A2-8062-A11FC75B8499}
		{1FBFCD84-9045-488E-A46E-F401B96F8777} = {D0B5FBEC-B869-44A2-8062-A11FC75B8499}
		{335064B1-A7BA-49A0-BFDD-8AB432202B40} = {B83E2B1F-B2A0-4FF4-A7D5-65F492CF1C3A}
		{DCAA9BD7-385F-4191-9D36-A72A84690D27} = {B83E2B1F-B2A0-4FF4-A7D5-65F492CF1C3A}
		{F3021233-2B31-479D-B91C-281F0A22FDB5} = {DCAA9BD7-385F-4191-9D36-A72A84690D27}
		{BCFCEFCA-6882-4088-9139-3CD2A40E794C} = {E1CE051B-1C85-4893-A2B2-8F3D3E2DBF90}
		{8CD819A8-6D37-4457-8253-9873D36538A6} = {B83E2B1F-B2A0-4FF4-A7D5-65F492CF1C3A}
		{4F45E0C7-F74F-4B28-83D1-6B418328AF51} = {D0B5FBEC-B869-44A2-8062-A11FC75B8499}
		{A575C4CF-3830-46F8-88F6-E9AB5B8DEDCF} = {D0B5FBEC-B869-44A2-8062-A11FC75B8499}
		{A57DAEB0-B281-42D4-A777-7B2BC74D5774} = {D0B5FBEC-B869-44A2-8062-A11FC75B8499}
	EndGlobalSection
	GlobalSection(ExtensibilityGlobals) = postSolution
		SolutionGuid = {544121A6-C7E4-4876-9672-6F045F708325}
	EndGlobalSection
EndGlobal
